{
  "name": "buscarecetas",
  "version": "0.0.4",
  "lockfileVersion": 2,
  "requires": true,
  "packages": {
    "": {
      "name": "buscarecetas",
      "version": "0.0.4",
      "license": "GPL-3.0",
      "dependencies": {
        "aqa": "^1.2.14"
      }
    },
    "node_modules/aqa": {
      "version": "1.2.14",
      "resolved": "https://registry.npmjs.org/aqa/-/aqa-1.2.14.tgz",
      "integrity": "sha512-2MIMmdOffP5nbRmBMzSWLenCC6mAg5Sekw7b50Adr/GVTMBpT62aKoNu1eu6LVo7A+3hCvzuZEPg3ZXfwtMjsQ==",
      "bin": {
        "aqa": "cli.js"
      }
    }
  },
  "dependencies": {
    "aqa": {
      "version": "1.2.14",
      "resolved": "https://registry.npmjs.org/aqa/-/aqa-1.2.14.tgz",
      "integrity": "sha512-2MIMmdOffP5nbRmBMzSWLenCC6mAg5Sekw7b50Adr/GVTMBpT62aKoNu1eu6LVo7A+3hCvzuZEPg3ZXfwtMjsQ=="
    }
  }
}
